
Microsoft Visual Studio Solution File, Format Version 12.00
# Visual Studio 15
VisualStudioVersion = 15.0.26124.0
MinimumVisualStudioVersion = 15.0.26124.0
Project("{FAE04EC0-301F-11D3-BF4B-00C04F79EFBC}") = "OcelotApiGateway", "OcelotApiGateway\OcelotApiGateway.csproj", "{7006F024-E34C-4834-B59E-89C22DB32B5C}"
EndProject
Project("{FAE04EC0-301F-11D3-BF4B-00C04F79EFBC}") = "AuthWebApi", "AuthWebApi\AuthWebApi.csproj", "{541B687D-477D-4CE5-849E-821322C3FF63}"
EndProject
Project("{FAE04EC0-301F-11D3-BF4B-00C04F79EFBC}") = "PedidosWebApi", "PedidosWebApi\PedidosWebApi.csproj", "{9D107096-1C92-4D99-817D-DC43E777538B}"
EndProject
Project("{FAE04EC0-301F-11D3-BF4B-00C04F79EFBC}") = "CatalogoWebApi", "CatalogoWebApi\CatalogoWebApi.csproj", "{125DCCAC-3FB4-498E-8212-DAD3D3ABD173}"
EndProject
Global
	GlobalSection(SolutionConfigurationPlatforms) = preSolution
		Debug|Any CPU = Debug|Any CPU
		Debug|x64 = Debug|x64
		Debug|x86 = Debug|x86
		Release|Any CPU = Release|Any CPU
		Release|x64 = Release|x64
		Release|x86 = Release|x86
	EndGlobalSection
	GlobalSection(SolutionProperties) = preSolution
		HideSolutionNode = FALSE
	EndGlobalSection
	GlobalSection(ProjectConfigurationPlatforms) = postSolution
		{7006F024-E34C-4834-B59E-89C22DB32B5C}.Debug|Any CPU.ActiveCfg = Debug|Any CPU
		{7006F024-E34C-4834-B59E-89C22DB32B5C}.Debug|Any CPU.Build.0 = Debug|Any CPU
		{7006F024-E34C-4834-B59E-89C22DB32B5C}.Debug|x64.ActiveCfg = Debug|Any CPU
		{7006F024-E34C-4834-B59E-89C22DB32B5C}.Debug|x64.Build.0 = Debug|Any CPU
		{7006F024-E34C-4834-B59E-89C22DB32B5C}.Debug|x86.ActiveCfg = Debug|Any CPU
		{7006F024-E34C-4834-B59E-89C22DB32B5C}.Debug|x86.Build.0 = Debug|Any CPU
		{7006F024-E34C-4834-B59E-89C22DB32B5C}.Release|Any CPU.ActiveCfg = Release|Any CPU
		{7006F024-E34C-4834-B59E-89C22DB32B5C}.Release|Any CPU.Build.0 = Release|Any CPU
		{7006F024-E34C-4834-B59E-89C22DB32B5C}.Release|x64.ActiveCfg = Release|Any CPU
		{7006F024-E34C-4834-B59E-89C22DB32B5C}.Release|x64.Build.0 = Release|Any CPU
		{7006F024-E34C-4834-B59E-89C22DB32B5C}.Release|x86.ActiveCfg = Release|Any CPU
		{7006F024-E34C-4834-B59E-89C22DB32B5C}.Release|x86.Build.0 = Release|Any CPU
		{541B687D-477D-4CE5-849E-821322C3FF63}.Debug|Any CPU.ActiveCfg = Debug|Any CPU
		{541B687D-477D-4CE5-849E-821322C3FF63}.Debug|Any CPU.Build.0 = Debug|Any CPU
		{541B687D-477D-4CE5-849E-821322C3FF63}.Debug|x64.ActiveCfg = Debug|Any CPU
		{541B687D-477D-4CE5-849E-821322C3FF63}.Debug|x64.Build.0 = Debug|Any CPU
		{541B687D-477D-4CE5-849E-821322C3FF63}.Debug|x86.ActiveCfg = Debug|Any CPU
		{541B687D-477D-4CE5-849E-821322C3FF63}.Debug|x86.Build.0 = Debug|Any CPU
		{541B687D-477D-4CE5-849E-821322C3FF63}.Release|Any CPU.ActiveCfg = Release|Any CPU
		{541B687D-477D-4CE5-849E-821322C3FF63}.Release|Any CPU.Build.0 = Release|Any CPU
		{541B687D-477D-4CE5-849E-821322C3FF63}.Release|x64.ActiveCfg = Release|Any CPU
		{541B687D-477D-4CE5-849E-821322C3FF63}.Release|x64.Build.0 = Release|Any CPU
		{541B687D-477D-4CE5-849E-821322C3FF63}.Release|x86.ActiveCfg = Release|Any CPU
		{541B687D-477D-4CE5-849E-821322C3FF63}.Release|x86.Build.0 = Release|Any CPU
		{9D107096-1C92-4D99-817D-DC43E777538B}.Debug|Any CPU.ActiveCfg = Debug|Any CPU
		{9D107096-1C92-4D99-817D-DC43E777538B}.Debug|Any CPU.Build.0 = Debug|Any CPU
		{9D107096-1C92-4D99-817D-DC43E777538B}.Debug|x64.ActiveCfg = Debug|Any CPU
		{9D107096-1C92-4D99-817D-DC43E777538B}.Debug|x64.Build.0 = Debug|Any CPU
		{9D107096-1C92-4D99-817D-DC43E777538B}.Debug|x86.ActiveCfg = Debug|Any CPU
		{9D107096-1C92-4D99-817D-DC43E777538B}.Debug|x86.Build.0 = Debug|Any CPU
		{9D107096-1C92-4D99-817D-DC43E777538B}.Release|Any CPU.ActiveCfg = Release|Any CPU
		{9D107096-1C92-4D99-817D-DC43E777538B}.Release|Any CPU.Build.0 = Release|Any CPU
		{9D107096-1C92-4D99-817D-DC43E777538B}.Release|x64.ActiveCfg = Release|Any CPU
		{9D107096-1C92-4D99-817D-DC43E777538B}.Release|x64.Build.0 = Release|Any CPU
		{9D107096-1C92-4D99-817D-DC43E777538B}.Release|x86.ActiveCfg = Release|Any CPU
		{9D107096-1C92-4D99-817D-DC43E777538B}.Release|x86.Build.0 = Release|Any CPU
		{125DCCAC-3FB4-498E-8212-DAD3D3ABD173}.Debug|Any CPU.ActiveCfg = Debug|Any CPU
		{125DCCAC-3FB4-498E-8212-DAD3D3ABD173}.Debug|Any CPU.Build.0 = Debug|Any CPU
		{125DCCAC-3FB4-498E-8212-DAD3D3ABD173}.Debug|x64.ActiveCfg = Debug|Any CPU
		{125DCCAC-3FB4-498E-8212-DAD3D3ABD173}.Debug|x64.Build.0 = Debug|Any CPU
		{125DCCAC-3FB4-498E-8212-DAD3D3ABD173}.Debug|x86.ActiveCfg = Debug|Any CPU
		{125DCCAC-3FB4-498E-8212-DAD3D3ABD173}.Debug|x86.Build.0 = Debug|Any CPU
		{125DCCAC-3FB4-498E-8212-DAD3D3ABD173}.Release|Any CPU.ActiveCfg = Release|Any CPU
		{125DCCAC-3FB4-498E-8212-DAD3D3ABD173}.Release|Any CPU.Build.0 = Release|Any CPU
		{125DCCAC-3FB4-498E-8212-DAD3D3ABD173}.Release|x64.ActiveCfg = Release|Any CPU
		{125DCCAC-3FB4-498E-8212-DAD3D3ABD173}.Release|x64.Build.0 = Release|Any CPU
		{125DCCAC-3FB4-498E-8212-DAD3D3ABD173}.Release|x86.ActiveCfg = Release|Any CPU
		{125DCCAC-3FB4-498E-8212-DAD3D3ABD173}.Release|x86.Build.0 = Release|Any CPU
	EndGlobalSection
EndGlobal
